
Microsoft Visual Studio Solution File, Format Version 12.00
# Visual Studio 11
Project("{FAE04EC0-301F-11D3-BF4B-00C04F79EFBC}") = "NGS.Templater.Converter", "NGS.Templater.Converter\NGS.Templater.Converter.csproj", "{48E1DC03-9241-49CC-8264-E59DA29CB18D}"
EndProject
Global
	GlobalSection(SolutionConfigurationPlatforms) = preSolution
		Debug|Any CPU = Debug|Any CPU
		Release|Any CPU = Release|Any CPU
	EndGlobalSection
	GlobalSection(ProjectConfigurationPlatforms) = postSolution
		{48E1DC03-9241-49CC-8264-E59DA29CB18D}.Debug|Any CPU.ActiveCfg = Debug|Any CPU
		{48E1DC03-9241-49CC-8264-E59DA29CB18D}.Debug|Any CPU.Build.0 = Debug|Any CPU
		{48E1DC03-9241-49CC-8264-E59DA29CB18D}.Release|Any CPU.ActiveCfg = Release|Any CPU
		{48E1DC03-9241-49CC-8264-E59DA29CB18D}.Release|Any CPU.Build.0 = Release|Any CPU
	EndGlobalSection
	GlobalSection(SolutionProperties) = preSolution
		HideSolutionNode = FALSE
	EndGlobalSection
EndGlobal
